{
  "name": "react-native-yz-vlcplayer",
  "version": "1.1.1",
  "lockfileVersion": 1,
  "requires": true,
  "dependencies": {
    "@react-native-community/slider": {
      "version": "2.0.9",
      "resolved": "https://registry.npmjs.org/@react-native-community/slider/-/slider-2.0.9.tgz",
      "integrity": "sha512-6GHUKXxiDSs75VZQRa6B+nxo8rqpIEcegZ1iCSQG4aW2oSVepceqDol+0y3/KaBt5WMpD4KybLw8ZZqkT6olaQ=="
    },
    "react-native-orientation": {
      "version": "3.1.3",
      "resolved": "https://registry.npmjs.org/react-native-orientation/-/react-native-orientation-3.1.3.tgz",
      "integrity": "sha512-A0h0E+2f95X4avmhaBG1ZT8WDxBACA/q//JN2eF1E7kq8AJVxt5XDiavv+aSBkBlqFsfF3bIS+T/DB5mXmnxuA=="
    }
  }
}
